
Microsoft Visual Studio Solution File, Format Version 12.00
Project("{FAE04EC0-301F-11D3-BF4B-00C04F79EFBC}") = "YgoProDeck.Api.Client", "src\YgoProDeck.Api.Client\YgoProDeck.Api.Client.csproj", "{07DB57DF-5E77-4964-BCC7-C58FFE492A8C}"
EndProject
Project("{2150E333-8FDC-42A3-9474-1A3956D46DE8}") = "src", "src", "{EFD10622-D4B5-4FED-BE5B-2676A739AA0D}"
EndProject
Project("{2150E333-8FDC-42A3-9474-1A3956D46DE8}") = "solution items", "solution items", "{3B8654A6-7D4B-464B-B373-007E970D147D}"
ProjectSection(SolutionItems) = preProject
	README.md = README.md
	.gitignore = .gitignore
EndProjectSection
EndProject
Global
	GlobalSection(SolutionConfigurationPlatforms) = preSolution
		Debug|Any CPU = Debug|Any CPU
		Release|Any CPU = Release|Any CPU
	EndGlobalSection
	GlobalSection(ProjectConfigurationPlatforms) = postSolution
		{07DB57DF-5E77-4964-BCC7-C58FFE492A8C}.Debug|Any CPU.ActiveCfg = Debug|Any CPU
		{07DB57DF-5E77-4964-BCC7-C58FFE492A8C}.Debug|Any CPU.Build.0 = Debug|Any CPU
		{07DB57DF-5E77-4964-BCC7-C58FFE492A8C}.Release|Any CPU.ActiveCfg = Release|Any CPU
		{07DB57DF-5E77-4964-BCC7-C58FFE492A8C}.Release|Any CPU.Build.0 = Release|Any CPU
	EndGlobalSection
	GlobalSection(NestedProjects) = preSolution
		{07DB57DF-5E77-4964-BCC7-C58FFE492A8C} = {EFD10622-D4B5-4FED-BE5B-2676A739AA0D}
	EndGlobalSection
EndGlobal
